
Microsoft Visual Studio Solution File, Format Version 12.00
# Visual Studio 15
VisualStudioVersion = 15.0.27130.2010
MinimumVisualStudioVersion = 10.0.40219.1
Project("{9A19103F-16F7-4668-BE54-9A1E7A4F7556}") = "Sun.API", "Sun.API.csproj", "{1E7F8A7D-9E9C-4CA3-B1D5-049013847B4E}"
EndProject
Global
	GlobalSection(SolutionConfigurationPlatforms) = preSolution
		Debug|Any CPU = Debug|Any CPU
		Release|Any CPU = Release|Any CPU
	EndGlobalSection
	GlobalSection(ProjectConfigurationPlatforms) = postSolution
		{1E7F8A7D-9E9C-4CA3-B1D5-049013847B4E}.Debug|Any CPU.ActiveCfg = Debug|Any CPU
		{1E7F8A7D-9E9C-4CA3-B1D5-049013847B4E}.Debug|Any CPU.Build.0 = Debug|Any CPU
		{1E7F8A7D-9E9C-4CA3-B1D5-049013847B4E}.Release|Any CPU.ActiveCfg = Release|Any CPU
		{1E7F8A7D-9E9C-4CA3-B1D5-049013847B4E}.Release|Any CPU.Build.0 = Release|Any CPU
	EndGlobalSection
	GlobalSection(SolutionProperties) = preSolution
		HideSolutionNode = FALSE
	EndGlobalSection
	GlobalSection(ExtensibilityGlobals) = postSolution
		SolutionGuid = {98C830FB-2721-446C-AE14-B50B3B3795DE}
	EndGlobalSection
EndGlobal
